// !$*UTF8*$!
{
	archiveVersion = 1;
	classes = {
	};
	objectVersion = 56;
	objects = {

/* Begin PBXBuildFile section */
		E544D9E92AA2C4B800A9A353 /* BBQuoteSwiftUIApp.swift in Sources */ = {isa = PBXBuildFile; fileRef = E544D9E82AA2C4B800A9A353 /* BBQuoteSwiftUIApp.swift */; };
		E544D9EB2AA2C4B800A9A353 /* ContentView.swift in Sources */ = {isa = PBXBuildFile; fileRef = E544D9EA2AA2C4B800A9A353 /* ContentView.swift */; };
		E544D9ED2AA2C4B900A9A353 /* Assets.xcassets in Resources */ = {isa = PBXBuildFile; fileRef = E544D9EC2AA2C4B900A9A353 /* Assets.xcassets */; };
		E544D9F02AA2C4B900A9A353 /* Preview Assets.xcassets in Resources */ = {isa = PBXBuildFile; fileRef = E544D9EF2AA2C4B900A9A353 /* Preview Assets.xcassets */; };
		E5C19B8B2AAD4B9000B2942A /* samplecharacter.json in Resources */ = {isa = PBXBuildFile; fileRef = E5C19B8A2AAD4B9000B2942A /* samplecharacter.json */; };
		E5C19B8D2AAD4E5300B2942A /* Quote.swift in Sources */ = {isa = PBXBuildFile; fileRef = E5C19B8C2AAD4E5300B2942A /* Quote.swift */; };
		E5C19B8F2AAD4EA900B2942A /* Character.swift in Sources */ = {isa = PBXBuildFile; fileRef = E5C19B8E2AAD4EA900B2942A /* Character.swift */; };
		E5C19B912AAD50B700B2942A /* FetchController.swift in Sources */ = {isa = PBXBuildFile; fileRef = E5C19B902AAD50B700B2942A /* FetchController.swift */; };
		E5C19B932AAD561100B2942A /* Constants.swift in Sources */ = {isa = PBXBuildFile; fileRef = E5C19B922AAD561100B2942A /* Constants.swift */; };
		E5C19B952AAD58FB00B2942A /* ViewModel.swift in Sources */ = {isa = PBXBuildFile; fileRef = E5C19B942AAD58FB00B2942A /* ViewModel.swift */; };
/* End PBXBuildFile section */

/* Begin PBXFileReference section */
		E544D9E52AA2C4B800A9A353 /* BBQuoteSwiftUI.app */ = {isa = PBXFileReference; explicitFileType = wrapper.application; includeInIndex = 0; path = BBQuoteSwiftUI.app; sourceTree = BUILT_PRODUCTS_DIR; };
		E544D9E82AA2C4B800A9A353 /* BBQuoteSwiftUIApp.swift */ = {isa = PBXFileReference; lastKnownFileType = sourcecode.swift; path = BBQuoteSwiftUIApp.swift; sourceTree = "<group>"; };
		E544D9EA2AA2C4B800A9A353 /* ContentView.swift */ = {isa = PBXFileReference; lastKnownFileType = sourcecode.swift; path = ContentView.swift; sourceTree = "<group>"; };
		E544D9EC2AA2C4B900A9A353 /* Assets.xcassets */ = {isa = PBXFileReference; lastKnownFileType = folder.assetcatalog; path = Assets.xcassets; sourceTree = "<group>"; };
		E544D9EF2AA2C4B900A9A353 /* Preview Assets.xcassets */ = {isa = PBXFileReference; lastKnownFileType = folder.assetcatalog; path = "Preview Assets.xcassets"; sourceTree = "<group>"; };
		E5C19B8A2AAD4B9000B2942A /* samplecharacter.json */ = {isa = PBXFileReference; fileEncoding = 4; lastKnownFileType = text.json; path = samplecharacter.json; sourceTree = "<group>"; };
		E5C19B8C2AAD4E5300B2942A /* Quote.swift */ = {isa = PBXFileReference; lastKnownFileType = sourcecode.swift; path = Quote.swift; sourceTree = "<group>"; };
		E5C19B8E2AAD4EA900B2942A /* Character.swift */ = {isa = PBXFileReference; lastKnownFileType = sourcecode.swift; path = Character.swift; sourceTree = "<group>"; };
		E5C19B902AAD50B700B2942A /* FetchController.swift */ = {isa = PBXFileReference; lastKnownFileType = sourcecode.swift; path = FetchController.swift; sourceTree = "<group>"; };
		E5C19B922AAD561100B2942A /* Constants.swift */ = {isa = PBXFileReference; lastKnownFileType = sourcecode.swift; path = Constants.swift; sourceTree = "<group>"; };
		E5C19B942AAD58FB00B2942A /* ViewModel.swift */ = {isa = PBXFileReference; lastKnownFileType = sourcecode.swift; path = ViewModel.swift; sourceTree = "<group>"; };
/* End PBXFileReference section */

/* Begin PBXFrameworksBuildPhase section */
		E544D9E22AA2C4B800A9A353 /* Frameworks */ = {
			isa = PBXFrameworksBuildPhase;
			buildActionMask = 2147483647;
			files = (
			);
			runOnlyForDeploymentPostprocessing = 0;
		};
/* End PBXFrameworksBuildPhase section */

/* Begin PBXGroup section */
		E544D9DC2AA2C4B800A9A353 = {
			isa = PBXGroup;
			children = (
				E544D9E72AA2C4B800A9A353 /* BBQuoteSwiftUI */,
				E544D9E62AA2C4B800A9A353 /* Products */,
			);
			sourceTree = "<group>";
		};
		E544D9E62AA2C4B800A9A353 /* Products */ = {
			isa = PBXGroup;
			children = (
				E544D9E52AA2C4B800A9A353 /* BBQuoteSwiftUI.app */,
			);
			name = Products;
			sourceTree = "<group>";
		};
		E544D9E72AA2C4B800A9A353 /* BBQuoteSwiftUI */ = {
			isa = PBXGroup;
			children = (
				E544D9E82AA2C4B800A9A353 /* BBQuoteSwiftUIApp.swift */,
				E544D9EA2AA2C4B800A9A353 /* ContentView.swift */,
				E5C19B942AAD58FB00B2942A /* ViewModel.swift */,
				E5C19B902AAD50B700B2942A /* FetchController.swift */,
				E5C19B8E2AAD4EA900B2942A /* Character.swift */,
				E5C19B922AAD561100B2942A /* Constants.swift */,
				E5C19B8C2AAD4E5300B2942A /* Quote.swift */,
				E5C19B8A2AAD4B9000B2942A /* samplecharacter.json */,
				E544D9EC2AA2C4B900A9A353 /* Assets.xcassets */,
				E544D9EE2AA2C4B900A9A353 /* Preview Content */,
			);
			path = BBQuoteSwiftUI;
			sourceTree = "<group>";
		};
		E544D9EE2AA2C4B900A9A353 /* Preview Content */ = {
			isa = PBXGroup;
			children = (
				E544D9EF2AA2C4B900A9A353 /* Preview Assets.xcassets */,
			);
			path = "Preview Content";
			sourceTree = "<group>";
		};
/* End PBXGroup section */

/* Begin PBXNativeTarget section */
		E544D9E42AA2C4B800A9A353 /* BBQuoteSwiftUI */ = {
			isa = PBXNativeTarget;
			buildConfigurationList = E544D9F32AA2C4B900A9A353 /* Build configuration list for PBXNativeTarget "BBQuoteSwiftUI" */;
			buildPhases = (
				E544D9E12AA2C4B800A9A353 /* Sources */,
				E544D9E22AA2C4B800A9A353 /* Frameworks */,
				E544D9E32AA2C4B800A9A353 /* Resources */,
			);
			buildRules = (
			);
			dependencies = (
			);
			name = BBQuoteSwiftUI;
			productName = BBQuoteSwiftUI;
			productReference = E544D9E52AA2C4B800A9A353 /* BBQuoteSwiftUI.app */;
			productType = "com.apple.product-type.application";
		};
/* End PBXNativeTarget section */

/* Begin PBXProject section */
		E544D9DD2AA2C4B800A9A353 /* Project object */ = {
			isa = PBXProject;
			attributes = {
				BuildIndependentTargetsInParallel = 1;
				LastSwiftUpdateCheck = 1430;
				LastUpgradeCheck = 1430;
				TargetAttributes = {
					E544D9E42AA2C4B800A9A353 = {
						CreatedOnToolsVersion = 14.3.1;
					};
				};
			};
			buildConfigurationList = E544D9E02AA2C4B800A9A353 /* Build configuration list for PBXProject "BBQuoteSwiftUI" */;
			compatibilityVersion = "Xcode 14.0";
			developmentRegion = en;
			hasScannedForEncodings = 0;
			knownRegions = (
				en,
				Base,
			);
			mainGroup = E544D9DC2AA2C4B800A9A353;
			productRefGroup = E544D9E62AA2C4B800A9A353 /* Products */;
			projectDirPath = "";
			projectRoot = "";
			targets = (
				E544D9E42AA2C4B800A9A353 /* BBQuoteSwiftUI */,
			);
		};
/* End PBXProject section */

/* Begin PBXResourcesBuildPhase section */
		E544D9E32AA2C4B800A9A353 /* Resources */ = {
			isa = PBXResourcesBuildPhase;
			buildActionMask = 2147483647;
			files = (
				E544D9F02AA2C4B900A9A353 /* Preview Assets.xcassets in Resources */,
				E5C19B8B2AAD4B9000B2942A /* samplecharacter.json in Resources */,
				E544D9ED2AA2C4B900A9A353 /* Assets.xcassets in Resources */,
			);
			runOnlyForDeploymentPostprocessing = 0;
		};
/* End PBXResourcesBuildPhase section */

/* Begin PBXSourcesBuildPhase section */
		E544D9E12AA2C4B800A9A353 /* Sources */ = {
			isa = PBXSourcesBuildPhase;
			buildActionMask = 2147483647;
			files = (
				E544D9EB2AA2C4B800A9A353 /* ContentView.swift in Sources */,
				E5C19B8D2AAD4E5300B2942A /* Quote.swift in Sources */,
				E544D9E92AA2C4B800A9A353 /* BBQuoteSwiftUIApp.swift in Sources */,
				E5C19B912AAD50B700B2942A /* FetchController.swift in Sources */,
				E5C19B8F2AAD4EA900B2942A /* Character.swift in Sources */,
				E5C19B932AAD561100B2942A /* Constants.swift in Sources */,
				E5C19B952AAD58FB00B2942A /* ViewModel.swift in Sources */,
			);
			runOnlyForDeploymentPostprocessing = 0;
		};
/* End PBXSourcesBuildPhase section */

/* Begin XCBuildConfiguration section */
		E544D9F12AA2C4B900A9A353 /* Debug */ = {
			isa = XCBuildConfiguration;
			buildSettings = {
				ALWAYS_SEARCH_USER_PATHS = NO;
				CLANG_ANALYZER_NONNULL = YES;
				CLANG_ANALYZER_NUMBER_OBJECT_CONVERSION = YES_AGGRESSIVE;
				CLANG_CXX_LANGUAGE_STANDARD = "gnu++20";
				CLANG_ENABLE_MODULES = YES;
				CLANG_ENABLE_OBJC_ARC = YES;
				CLANG_ENABLE_OBJC_WEAK = YES;
				CLANG_WARN_BLOCK_CAPTURE_AUTORELEASING = YES;
				CLANG_WARN_BOOL_CONVERSION = YES;
				CLANG_WARN_COMMA = YES;
				CLANG_WARN_CONSTANT_CONVERSION = YES;
				CLANG_WARN_DEPRECATED_OBJC_IMPLEMENTATIONS = YES;
				CLANG_WARN_DIRECT_OBJC_ISA_USAGE = YES_ERROR;
				CLANG_WARN_DOCUMENTATION_COMMENTS = YES;
				CLANG_WARN_EMPTY_BODY = YES;
				CLANG_WARN_ENUM_CONVERSION = YES;
				CLANG_WARN_INFINITE_RECURSION = YES;
				CLANG_WARN_INT_CONVERSION = YES;
				CLANG_WARN_NON_LITERAL_NULL_CONVERSION = YES;
				CLANG_WARN_OBJC_IMPLICIT_RETAIN_SELF = YES;
				CLANG_WARN_OBJC_LITERAL_CONVERSION = YES;
				CLANG_WARN_OBJC_ROOT_CLASS = YES_ERROR;
				CLANG_WARN_QUOTED_INCLUDE_IN_FRAMEWORK_HEADER = YES;
				CLANG_WARN_RANGE_LOOP_ANALYSIS = YES;
				CLANG_WARN_STRICT_PROTOTYPES = YES;
				CLANG_WARN_SUSPICIOUS_MOVE = YES;
				CLANG_WARN_UNGUARDED_AVAILABILITY = YES_AGGRESSIVE;
				CLANG_WARN_UNREACHABLE_CODE = YES;
				CLANG_WARN__DUPLICATE_METHOD_MATCH = YES;
				COPY_PHASE_STRIP = NO;
				DEBUG_INFORMATION_FORMAT = dwarf;
				ENABLE_STRICT_OBJC_MSGSEND = YES;
				ENABLE_TESTABILITY = YES;
				GCC_C_LANGUAGE_STANDARD = gnu11;
				GCC_DYNAMIC_NO_PIC = NO;
				GCC_NO_COMMON_BLOCKS = YES;
				GCC_OPTIMIZATION_LEVEL = 0;
				GCC_PREPROCESSOR_DEFINITIONS = (
					"DEBUG=1",
					"$(inherited)",
				);
				GCC_WARN_64_TO_32_BIT_CONVERSION = YES;
				GCC_WARN_ABOUT_RETURN_TYPE = YES_ERROR;
				GCC_WARN_UNDECLARED_SELECTOR = YES;
				GCC_WARN_UNINITIALIZED_AUTOS = YES_AGGRESSIVE;
				GCC_WARN_UNUSED_FUNCTION = YES;
				GCC_WARN_UNUSED_VARIABLE = YES;
				IPHONEOS_DEPLOYMENT_TARGET = 16.4;
				MTL_ENABLE_DEBUG_INFO = INCLUDE_SOURCE;
				MTL_FAST_MATH = YES;
				ONLY_ACTIVE_ARCH = YES;
				SDKROOT = iphoneos;
				SWIFT_ACTIVE_COMPILATION_CONDITIONS = DEBUG;
				SWIFT_OPTIMIZATION_LEVEL = "-Onone";
			};
			name = Debug;
		};
		E544D9F22AA2C4B900A9A353 /* Release */ = {
			isa = XCBuildConfiguration;
			buildSettings = {
				ALWAYS_SEARCH_USER_PATHS = NO;
				CLANG_ANALYZER_NONNULL = YES;
				CLANG_ANALYZER_NUMBER_OBJECT_CONVERSION = YES_AGGRESSIVE;
				CLANG_CXX_LANGUAGE_STANDARD = "gnu++20";
				CLANG_ENABLE_MODULES = YES;
				CLANG_ENABLE_OBJC_ARC = YES;
				CLANG_ENABLE_OBJC_WEAK = YES;
				CLANG_WARN_BLOCK_CAPTURE_AUTORELEASING = YES;
				CLANG_WARN_BOOL_CONVERSION = YES;
				CLANG_WARN_COMMA = YES;
				CLANG_WARN_CONSTANT_CONVERSION = YES;
				CLANG_WARN_DEPRECATED_OBJC_IMPLEMENTATIONS = YES;
				CLANG_WARN_DIRECT_OBJC_ISA_USAGE = YES_ERROR;
				CLANG_WARN_DOCUMENTATION_COMMENTS = YES;
				CLANG_WARN_EMPTY_BODY = YES;
				CLANG_WARN_ENUM_CONVERSION = YES;
				CLANG_WARN_INFINITE_RECURSION = YES;
				CLANG_WARN_INT_CONVERSION = YES;
				CLANG_WARN_NON_LITERAL_NULL_CONVERSION = YES;
				CLANG_WARN_OBJC_IMPLICIT_RETAIN_SELF = YES;
				CLANG_WARN_OBJC_LITERAL_CONVERSION = YES;
				CLANG_WARN_OBJC_ROOT_CLASS = YES_ERROR;
				CLANG_WARN_QUOTED_INCLUDE_IN_FRAMEWORK_HEADER = YES;
				CLANG_WARN_RANGE_LOOP_ANALYSIS = YES;
				CLANG_WARN_STRICT_PROTOTYPES = YES;
				CLANG_WARN_SUSPICIOUS_MOVE = YES;
				CLANG_WARN_UNGUARDED_AVAILABILITY = YES_AGGRESSIVE;
				CLANG_WARN_UNREACHABLE_CODE = YES;
				CLANG_WARN__DUPLICATE_METHOD_MATCH = YES;
				COPY_PHASE_STRIP = NO;
				DEBUG_INFORMATION_FORMAT = "dwarf-with-dsym";
				ENABLE_NS_ASSERTIONS = NO;
				ENABLE_STRICT_OBJC_MSGSEND = YES;
				GCC_C_LANGUAGE_STANDARD = gnu11;
				GCC_NO_COMMON_BLOCKS = YES;
				GCC_WARN_64_TO_32_BIT_CONVERSION = YES;
				GCC_WARN_ABOUT_RETURN_TYPE = YES_ERROR;
				GCC_WARN_UNDECLARED_SELECTOR = YES;
				GCC_WARN_UNINITIALIZED_AUTOS = YES_AGGRESSIVE;
				GCC_WARN_UNUSED_FUNCTION = YES;
				GCC_WARN_UNUSED_VARIABLE = YES;
				IPHONEOS_DEPLOYMENT_TARGET = 16.4;
				MTL_ENABLE_DEBUG_INFO = NO;
				MTL_FAST_MATH = YES;
				SDKROOT = iphoneos;
				SWIFT_COMPILATION_MODE = wholemodule;
				SWIFT_OPTIMIZATION_LEVEL = "-O";
				VALIDATE_PRODUCT = YES;
			};
			name = Release;
		};
		E544D9F42AA2C4B900A9A353 /* Debug */ = {
			isa = XCBuildConfiguration;
			buildSettings = {
				ASSETCATALOG_COMPILER_APPICON_NAME = AppIcon;
				ASSETCATALOG_COMPILER_GLOBAL_ACCENT_COLOR_NAME = AccentColor;
				CODE_SIGN_STYLE = Automatic;
				CURRENT_PROJECT_VERSION = 1;
				DEVELOPMENT_ASSET_PATHS = "\"BBQuoteSwiftUI/Preview Content\"";
				ENABLE_PREVIEWS = YES;
				GENERATE_INFOPLIST_FILE = YES;
				INFOPLIST_KEY_UIApplicationSceneManifest_Generation = YES;
				INFOPLIST_KEY_UIApplicationSupportsIndirectInputEvents = YES;
				INFOPLIST_KEY_UILaunchScreen_Generation = YES;
				INFOPLIST_KEY_UISupportedInterfaceOrientations_iPad = "UIInterfaceOrientationPortrait UIInterfaceOrientationPortraitUpsideDown UIInterfaceOrientationLandscapeLeft UIInterfaceOrientationLandscapeRight";
				INFOPLIST_KEY_UISupportedInterfaceOrientations_iPhone = "UIInterfaceOrientationPortrait UIInterfaceOrientationLandscapeLeft UIInterfaceOrientationLandscapeRight";
				LD_RUNPATH_SEARCH_PATHS = (
					"$(inherited)",
					"@executable_path/Frameworks",
				);
				MARKETING_VERSION = 1.0;
				PRODUCT_BUNDLE_IDENTIFIER = com.davesprojects.BBQuoteSwiftUI;
				PRODUCT_NAME = "$(TARGET_NAME)";
				SWIFT_EMIT_LOC_STRINGS = YES;
				SWIFT_VERSION = 5.0;
				TARGETED_DEVICE_FAMILY = "1,2";
			};
			name = Debug;
		};
		E544D9F52AA2C4B900A9A353 /* Release */ = {
			isa = XCBuildConfiguration;
			buildSettings = {
				ASSETCATALOG_COMPILER_APPICON_NAME = AppIcon;
				ASSETCATALOG_COMPILER_GLOBAL_ACCENT_COLOR_NAME = AccentColor;
				CODE_SIGN_STYLE = Automatic;
				CURRENT_PROJECT_VERSION = 1;
				DEVELOPMENT_ASSET_PATHS = "\"BBQuoteSwiftUI/Preview Content\"";
				ENABLE_PREVIEWS = YES;
				GENERATE_INFOPLIST_FILE = YES;
				INFOPLIST_KEY_UIApplicationSceneManifest_Generation = YES;
				INFOPLIST_KEY_UIApplicationSupportsIndirectInputEvents = YES;
				INFOPLIST_KEY_UILaunchScreen_Generation = YES;
				INFOPLIST_KEY_UISupportedInterfaceOrientations_iPad = "UIInterfaceOrientationPortrait UIInterfaceOrientationPortraitUpsideDown UIInterfaceOrientationLandscapeLeft UIInterfaceOrientationLandscapeRight";
				INFOPLIST_KEY_UISupportedInterfaceOrientations_iPhone = "UIInterfaceOrientationPortrait UIInterfaceOrientationLandscapeLeft UIInterfaceOrientationLandscapeRight";
				LD_RUNPATH_SEARCH_PATHS = (
					"$(inherited)",
					"@executable_path/Frameworks",
				);
				MARKETING_VERSION = 1.0;
				PRODUCT_BUNDLE_IDENTIFIER = com.davesprojects.BBQuoteSwiftUI;
				PRODUCT_NAME = "$(TARGET_NAME)";
				SWIFT_EMIT_LOC_STRINGS = YES;
				SWIFT_VERSION = 5.0;
				TARGETED_DEVICE_FAMILY = "1,2";
			};
			name = Release;
		};
/* End XCBuildConfiguration section */

/* Begin XCConfigurationList section */
		E544D9E02AA2C4B800A9A353 /* Build configuration list for PBXProject "BBQuoteSwiftUI" */ = {
			isa = XCConfigurationList;
			buildConfigurations = (
				E544D9F12AA2C4B900A9A353 /* Debug */,
				E544D9F22AA2C4B900A9A353 /* Release */,
			);
			defaultConfigurationIsVisible = 0;
			defaultConfigurationName = Release;
		};
		E544D9F32AA2C4B900A9A353 /* Build configuration list for PBXNativeTarget "BBQuoteSwiftUI" */ = {
			isa = XCConfigurationList;
			buildConfigurations = (
				E544D9F42AA2C4B900A9A353 /* Debug */,
				E544D9F52AA2C4B900A9A353 /* Release */,
			);
			defaultConfigurationIsVisible = 0;
			defaultConfigurationName = Release;
		};
/* End XCConfigurationList section */
	};
	rootObject = E544D9DD2AA2C4B800A9A353 /* Project object */;
}
